
Microsoft Visual Studio Solution File, Format Version 12.00
# Visual Studio Version 16
VisualStudioVersion = 16.0.29306.81
MinimumVisualStudioVersion = 10.0.40219.1
Project("{FAE04EC0-301F-11D3-BF4B-00C04F79EFBC}") = "NumSecret", "NumSecret\NumSecret.csproj", "{37B4A4CF-EC2D-44C0-9DBB-47D98225C110}"
EndProject
Global
	GlobalSection(SolutionConfigurationPlatforms) = preSolution
		Debug|Any CPU = Debug|Any CPU
		Release|Any CPU = Release|Any CPU
	EndGlobalSection
	GlobalSection(ProjectConfigurationPlatforms) = postSolution
		{37B4A4CF-EC2D-44C0-9DBB-47D98225C110}.Debug|Any CPU.ActiveCfg = Debug|Any CPU
		{37B4A4CF-EC2D-44C0-9DBB-47D98225C110}.Debug|Any CPU.Build.0 = Debug|Any CPU
		{37B4A4CF-EC2D-44C0-9DBB-47D98225C110}.Release|Any CPU.ActiveCfg = Release|Any CPU
		{37B4A4CF-EC2D-44C0-9DBB-47D98225C110}.Release|Any CPU.Build.0 = Release|Any CPU
	EndGlobalSection
	GlobalSection(SolutionProperties) = preSolution
		HideSolutionNode = FALSE
	EndGlobalSection
	GlobalSection(ExtensibilityGlobals) = postSolution
		SolutionGuid = {EE938429-DF75-443A-92B3-06AFF486B845}
	EndGlobalSection
EndGlobal
