
Microsoft Visual Studio Solution File, Format Version 12.00
# Visual Studio Version 16
VisualStudioVersion = 16.0.29306.81
MinimumVisualStudioVersion = 10.0.40219.1
Project("{FAE04EC0-301F-11D3-BF4B-00C04F79EFBC}") = "KolNum", "KolNum\KolNum.csproj", "{6660F111-6D72-4282-A8D0-87EE79507E25}"
EndProject
Global
	GlobalSection(SolutionConfigurationPlatforms) = preSolution
		Debug|Any CPU = Debug|Any CPU
		Release|Any CPU = Release|Any CPU
	EndGlobalSection
	GlobalSection(ProjectConfigurationPlatforms) = postSolution
		{6660F111-6D72-4282-A8D0-87EE79507E25}.Debug|Any CPU.ActiveCfg = Debug|Any CPU
		{6660F111-6D72-4282-A8D0-87EE79507E25}.Debug|Any CPU.Build.0 = Debug|Any CPU
		{6660F111-6D72-4282-A8D0-87EE79507E25}.Release|Any CPU.ActiveCfg = Release|Any CPU
		{6660F111-6D72-4282-A8D0-87EE79507E25}.Release|Any CPU.Build.0 = Release|Any CPU
	EndGlobalSection
	GlobalSection(SolutionProperties) = preSolution
		HideSolutionNode = FALSE
	EndGlobalSection
	GlobalSection(ExtensibilityGlobals) = postSolution
		SolutionGuid = {6C4CD70B-0D70-455D-9265-0C914D650CAC}
	EndGlobalSection
EndGlobal
